
Microsoft Visual Studio Solution File, Format Version 12.00
# Visual Studio Version 17
VisualStudioVersion = 17.5.33516.290
MinimumVisualStudioVersion = 10.0.40219.1
Project("{FAE04EC0-301F-11D3-BF4B-00C04F79EFBC}") = "TestApp.WebApi", "TestApp.WebApi.csproj", "{47F31F9D-1D21-4661-91CD-E508CE605BCC}"
EndProject
Project("{FAE04EC0-301F-11D3-BF4B-00C04F79EFBC}") = "TestApp.Core", "..\TestApp.Core\TestApp.Core.csproj", "{EF5474CC-EDC5-462D-8F32-FD19725F73F2}"
EndProject
Project("{FAE04EC0-301F-11D3-BF4B-00C04F79EFBC}") = "TestApp.Infrastructure", "..\TestApp.Infrastructure\TestApp.Infrastructure.csproj", "{12F1B775-7655-42E0-B1D9-DDB82C89D83B}"
EndProject
Global
	GlobalSection(SolutionConfigurationPlatforms) = preSolution
		Debug|Any CPU = Debug|Any CPU
		Release|Any CPU = Release|Any CPU
	EndGlobalSection
	GlobalSection(ProjectConfigurationPlatforms) = postSolution
		{47F31F9D-1D21-4661-91CD-E508CE605BCC}.Debug|Any CPU.ActiveCfg = Debug|Any CPU
		{47F31F9D-1D21-4661-91CD-E508CE605BCC}.Debug|Any CPU.Build.0 = Debug|Any CPU
		{47F31F9D-1D21-4661-91CD-E508CE605BCC}.Release|Any CPU.ActiveCfg = Release|Any CPU
		{47F31F9D-1D21-4661-91CD-E508CE605BCC}.Release|Any CPU.Build.0 = Release|Any CPU
		{EF5474CC-EDC5-462D-8F32-FD19725F73F2}.Debug|Any CPU.ActiveCfg = Debug|Any CPU
		{EF5474CC-EDC5-462D-8F32-FD19725F73F2}.Debug|Any CPU.Build.0 = Debug|Any CPU
		{EF5474CC-EDC5-462D-8F32-FD19725F73F2}.Release|Any CPU.ActiveCfg = Release|Any CPU
		{EF5474CC-EDC5-462D-8F32-FD19725F73F2}.Release|Any CPU.Build.0 = Release|Any CPU
		{12F1B775-7655-42E0-B1D9-DDB82C89D83B}.Debug|Any CPU.ActiveCfg = Debug|Any CPU
		{12F1B775-7655-42E0-B1D9-DDB82C89D83B}.Debug|Any CPU.Build.0 = Debug|Any CPU
		{12F1B775-7655-42E0-B1D9-DDB82C89D83B}.Release|Any CPU.ActiveCfg = Release|Any CPU
		{12F1B775-7655-42E0-B1D9-DDB82C89D83B}.Release|Any CPU.Build.0 = Release|Any CPU
	EndGlobalSection
	GlobalSection(SolutionProperties) = preSolution
		HideSolutionNode = FALSE
	EndGlobalSection
	GlobalSection(ExtensibilityGlobals) = postSolution
		SolutionGuid = {813D6A1F-6897-43B4-959B-F9B47210DF47}
	EndGlobalSection
EndGlobal
